// !$*UTF8*$!
{
	archiveVersion = 1;
	classes = {
	};
	objectVersion = 48;
	objects = {

/* Begin PBXBuildFile section */
		4A026B4220B022F3003D3E77 /* tabBarViewController.swift in Sources */ = {isa = PBXBuildFile; fileRef = 4A026B4120B022F3003D3E77 /* tabBarViewController.swift */; };
		4A2A79782090CB4B0000F5E9 /* SignInViewController.swift in Sources */ = {isa = PBXBuildFile; fileRef = 4A2A79762090CB4B0000F5E9 /* SignInViewController.swift */; };
		4A2A79792090CB4B0000F5E9 /* SignUpViewController.swift in Sources */ = {isa = PBXBuildFile; fileRef = 4A2A79772090CB4B0000F5E9 /* SignUpViewController.swift */; };
		4A55F91B20623E04008FDAC2 /* AppDelegate.swift in Sources */ = {isa = PBXBuildFile; fileRef = 4A55F91A20623E04008FDAC2 /* AppDelegate.swift */; };
		4A55F92020623E04008FDAC2 /* Main.storyboard in Resources */ = {isa = PBXBuildFile; fileRef = 4A55F91E20623E04008FDAC2 /* Main.storyboard */; };
		4A55F92520623E04008FDAC2 /* LaunchScreen.storyboard in Resources */ = {isa = PBXBuildFile; fileRef = 4A55F92320623E04008FDAC2 /* LaunchScreen.storyboard */; };
		4A55F93020623E04008FDAC2 /* __appTests.swift in Sources */ = {isa = PBXBuildFile; fileRef = 4A55F92F20623E04008FDAC2 /* __appTests.swift */; };
		4A55F93B20623E04008FDAC2 /* __appUITests.swift in Sources */ = {isa = PBXBuildFile; fileRef = 4A55F93A20623E04008FDAC2 /* __appUITests.swift */; };
		4A66ACBB20C48044005E8B81 /* NotificationCenter.framework in Frameworks */ = {isa = PBXBuildFile; fileRef = 4A66ACBA20C48044005E8B81 /* NotificationCenter.framework */; };
		4A66ACCB20C53BEA005E8B81 /* PlanViewController.swift in Sources */ = {isa = PBXBuildFile; fileRef = 4A66ACCA20C53BEA005E8B81 /* PlanViewController.swift */; };
		4A7152F8207210CD00436CFC /* MainViewController.swift in Sources */ = {isa = PBXBuildFile; fileRef = 4A7152F7207210CD00436CFC /* MainViewController.swift */; };
		4A7152FC2072119600436CFC /* LearnViewController.swift in Sources */ = {isa = PBXBuildFile; fileRef = 4A7152FB2072119600436CFC /* LearnViewController.swift */; };
		4A7152FE207216A800436CFC /* AddViewController.swift in Sources */ = {isa = PBXBuildFile; fileRef = 4A7152FD207216A800436CFC /* AddViewController.swift */; };
		4AA266AA2098AC2300EA63A9 /* Alamofire.framework in Frameworks */ = {isa = PBXBuildFile; fileRef = 4AA266A92098AC2300EA63A9 /* Alamofire.framework */; };
		4AA266AC2098AC2300EA63A9 /* LeanCloud.framework in Frameworks */ = {isa = PBXBuildFile; fileRef = 4AA266AB2098AC2300EA63A9 /* LeanCloud.framework */; };
		4AA7753020C1C5240087291C /* ShowMyWords.swift in Sources */ = {isa = PBXBuildFile; fileRef = 4AA7752F20C1C5240087291C /* ShowMyWords.swift */; };
		4AA7753820C315DB0087291C /* WordTVC.swift in Sources */ = {isa = PBXBuildFile; fileRef = 4AA7753720C315DB0087291C /* WordTVC.swift */; };
		4AA7753A20C40ADA0087291C /* Media.xcassets in Resources */ = {isa = PBXBuildFile; fileRef = 4AA7753920C40ADA0087291C /* Media.xcassets */; };
		4AA77C1820BD4CC500BE3291 /* Plan.swift in Sources */ = {isa = PBXBuildFile; fileRef = 4AA77C1720BD4CC500BE3291 /* Plan.swift */; };
		4AA77C1D20BD50BD00BE3291 /* List.swift in Sources */ = {isa = PBXBuildFile; fileRef = 4AA77C1C20BD50BD00BE3291 /* List.swift */; };
		4AA77C2020BD514100BE3291 /* Model.xcdatamodeld in Sources */ = {isa = PBXBuildFile; fileRef = 4AA77C1E20BD514100BE3291 /* Model.xcdatamodeld */; };
		4AA77C2220BEB89D00BE3291 /* WordListController.swift in Sources */ = {isa = PBXBuildFile; fileRef = 4AA77C2120BEB89D00BE3291 /* WordListController.swift */; };
		4AA77C2720BFF81500BE3291 /* MyTVC.swift in Sources */ = {isa = PBXBuildFile; fileRef = 4AA77C2620BFF81500BE3291 /* MyTVC.swift */; };
/* End PBXBuildFile section */

/* Begin PBXContainerItemProxy section */
		4A55F92C20623E04008FDAC2 /* PBXContainerItemProxy */ = {
			isa = PBXContainerItemProxy;
			containerPortal = 4A55F90F20623E04008FDAC2 /* Project object */;
			proxyType = 1;
			remoteGlobalIDString = 4A55F91620623E04008FDAC2;
			remoteInfo = "单词app";
		};
		4A55F93720623E04008FDAC2 /* PBXContainerItemProxy */ = {
			isa = PBXContainerItemProxy;
			containerPortal = 4A55F90F20623E04008FDAC2 /* Project object */;
			proxyType = 1;
			remoteGlobalIDString = 4A55F91620623E04008FDAC2;
			remoteInfo = "单词app";
		};
/* End PBXContainerItemProxy section */

/* Begin PBXFileReference section */
		485645C66AA559BBB129D75F /* Pods___app.framework */ = {isa = PBXFileReference; explicitFileType = wrapper.framework; includeInIndex = 0; path = "Pods___app.framework"; sourceTree = BUILT_PRODUCTS_DIR; };
		4A026B4120B022F3003D3E77 /* tabBarViewController.swift */ = {isa = PBXFileReference; lastKnownFileType = sourcecode.swift; path = tabBarViewController.swift; sourceTree = "<group>"; };
		4A2A79762090CB4B0000F5E9 /* SignInViewController.swift */ = {isa = PBXFileReference; fileEncoding = 4; lastKnownFileType = sourcecode.swift; path = SignInViewController.swift; sourceTree = "<group>"; };
		4A2A79772090CB4B0000F5E9 /* SignUpViewController.swift */ = {isa = PBXFileReference; fileEncoding = 4; lastKnownFileType = sourcecode.swift; path = SignUpViewController.swift; sourceTree = "<group>"; };
		4A55F91720623E04008FDAC2 /* 单词app.app */ = {isa = PBXFileReference; explicitFileType = wrapper.application; includeInIndex = 0; path = "单词app.app"; sourceTree = BUILT_PRODUCTS_DIR; };
		4A55F91A20623E04008FDAC2 /* AppDelegate.swift */ = {isa = PBXFileReference; lastKnownFileType = sourcecode.swift; path = AppDelegate.swift; sourceTree = "<group>"; };
		4A55F91F20623E04008FDAC2 /* Base */ = {isa = PBXFileReference; lastKnownFileType = file.storyboard; name = Base; path = Base.lproj/Main.storyboard; sourceTree = "<group>"; };
		4A55F92420623E04008FDAC2 /* Base */ = {isa = PBXFileReference; lastKnownFileType = file.storyboard; name = Base; path = Base.lproj/LaunchScreen.storyboard; sourceTree = "<group>"; };
		4A55F92620623E04008FDAC2 /* Info.plist */ = {isa = PBXFileReference; lastKnownFileType = text.plist.xml; path = Info.plist; sourceTree = "<group>"; };
		4A55F92B20623E04008FDAC2 /* 单词appTests.xctest */ = {isa = PBXFileReference; explicitFileType = wrapper.cfbundle; includeInIndex = 0; path = "单词appTests.xctest"; sourceTree = BUILT_PRODUCTS_DIR; };
		4A55F92F20623E04008FDAC2 /* __appTests.swift */ = {isa = PBXFileReference; lastKnownFileType = sourcecode.swift; path = __appTests.swift; sourceTree = "<group>"; };
		4A55F93120623E04008FDAC2 /* Info.plist */ = {isa = PBXFileReference; lastKnownFileType = text.plist.xml; path = Info.plist; sourceTree = "<group>"; };
		4A55F93620623E04008FDAC2 /* 单词appUITests.xctest */ = {isa = PBXFileReference; explicitFileType = wrapper.cfbundle; includeInIndex = 0; path = "单词appUITests.xctest"; sourceTree = BUILT_PRODUCTS_DIR; };
		4A55F93A20623E04008FDAC2 /* __appUITests.swift */ = {isa = PBXFileReference; lastKnownFileType = sourcecode.swift; path = __appUITests.swift; sourceTree = "<group>"; };
		4A55F93C20623E04008FDAC2 /* Info.plist */ = {isa = PBXFileReference; lastKnownFileType = text.plist.xml; path = Info.plist; sourceTree = "<group>"; };
		4A66ACB920C48044005E8B81 /* learningWidget.appex */ = {isa = PBXFileReference; explicitFileType = "wrapper.app-extension"; includeInIndex = 0; path = learningWidget.appex; sourceTree = BUILT_PRODUCTS_DIR; };
		4A66ACBA20C48044005E8B81 /* NotificationCenter.framework */ = {isa = PBXFileReference; lastKnownFileType = wrapper.framework; name = NotificationCenter.framework; path = System/Library/Frameworks/NotificationCenter.framework; sourceTree = SDKROOT; };
		4A66ACCA20C53BEA005E8B81 /* PlanViewController.swift */ = {isa = PBXFileReference; lastKnownFileType = sourcecode.swift; name = PlanViewController.swift; path = "/Users/jinnaide/Desktop/Programing/单词app/ViewController/PlanViewController.swift"; sourceTree = "<absolute>"; };
		4A7152F7207210CD00436CFC /* MainViewController.swift */ = {isa = PBXFileReference; lastKnownFileType = sourcecode.swift; path = MainViewController.swift; sourceTree = "<group>"; };
		4A7152FB2072119600436CFC /* LearnViewController.swift */ = {isa = PBXFileReference; lastKnownFileType = sourcecode.swift; path = LearnViewController.swift; sourceTree = "<group>"; };
		4A7152FD207216A800436CFC /* AddViewController.swift */ = {isa = PBXFileReference; lastKnownFileType = sourcecode.swift; path = AddViewController.swift; sourceTree = "<group>"; };
		4AA266A92098AC2300EA63A9 /* Alamofire.framework */ = {isa = PBXFileReference; explicitFileType = wrapper.framework; path = Alamofire.framework; sourceTree = BUILT_PRODUCTS_DIR; };
		4AA266AB2098AC2300EA63A9 /* LeanCloud.framework */ = {isa = PBXFileReference; explicitFileType = wrapper.framework; path = LeanCloud.framework; sourceTree = BUILT_PRODUCTS_DIR; };
		4AA7752F20C1C5240087291C /* ShowMyWords.swift */ = {isa = PBXFileReference; lastKnownFileType = sourcecode.swift; path = ShowMyWords.swift; sourceTree = "<group>"; };
		4AA7753720C315DB0087291C /* WordTVC.swift */ = {isa = PBXFileReference; lastKnownFileType = sourcecode.swift; path = WordTVC.swift; sourceTree = "<group>"; };
		4AA7753920C40ADA0087291C /* Media.xcassets */ = {isa = PBXFileReference; lastKnownFileType = folder.assetcatalog; path = Media.xcassets; sourceTree = "<group>"; };
		4AA77C1720BD4CC500BE3291 /* Plan.swift */ = {isa = PBXFileReference; lastKnownFileType = sourcecode.swift; path = Plan.swift; sourceTree = "<group>"; };
		4AA77C1C20BD50BD00BE3291 /* List.swift */ = {isa = PBXFileReference; lastKnownFileType = sourcecode.swift; path = List.swift; sourceTree = "<group>"; };
		4AA77C1F20BD514100BE3291 /* Model.xcdatamodel */ = {isa = PBXFileReference; lastKnownFileType = wrapper.xcdatamodel; path = Model.xcdatamodel; sourceTree = "<group>"; };
		4AA77C2120BEB89D00BE3291 /* WordListController.swift */ = {isa = PBXFileReference; lastKnownFileType = sourcecode.swift; path = WordListController.swift; sourceTree = "<group>"; };
		4AA77C2620BFF81500BE3291 /* MyTVC.swift */ = {isa = PBXFileReference; lastKnownFileType = sourcecode.swift; path = MyTVC.swift; sourceTree = "<group>"; };
		AE863FB28355805FBB95FB07 /* Pods-单词app.debug.xcconfig */ = {isa = PBXFileReference; includeInIndex = 1; lastKnownFileType = text.xcconfig; name = "Pods-单词app.debug.xcconfig"; path = "Pods/Target Support Files/Pods-单词app/Pods-单词app.debug.xcconfig"; sourceTree = "<group>"; };
		BBB1A2F58A207F6B391D8903 /* Pods-单词app.release.xcconfig */ = {isa = PBXFileReference; includeInIndex = 1; lastKnownFileType = text.xcconfig; name = "Pods-单词app.release.xcconfig"; path = "Pods/Target Support Files/Pods-单词app/Pods-单词app.release.xcconfig"; sourceTree = "<group>"; };
/* End PBXFileReference section */

/* Begin PBXFrameworksBuildPhase section */
		4A55F91420623E04008FDAC2 /* Frameworks */ = {
			isa = PBXFrameworksBuildPhase;
			buildActionMask = 2147483647;
			files = (
				4AA266AA2098AC2300EA63A9 /* Alamofire.framework in Frameworks */,
				4AA266AC2098AC2300EA63A9 /* LeanCloud.framework in Frameworks */,
			);
			runOnlyForDeploymentPostprocessing = 0;
		};
		4A55F92820623E04008FDAC2 /* Frameworks */ = {
			isa = PBXFrameworksBuildPhase;
			buildActionMask = 2147483647;
			files = (
			);
			runOnlyForDeploymentPostprocessing = 0;
		};
		4A55F93320623E04008FDAC2 /* Frameworks */ = {
			isa = PBXFrameworksBuildPhase;
			buildActionMask = 2147483647;
			files = (
			);
			runOnlyForDeploymentPostprocessing = 0;
		};
		4A66ACB620C48044005E8B81 /* Frameworks */ = {
			isa = PBXFrameworksBuildPhase;
			buildActionMask = 2147483647;
			files = (
				4A66ACBB20C48044005E8B81 /* NotificationCenter.framework in Frameworks */,
			);
			runOnlyForDeploymentPostprocessing = 0;
		};
/* End PBXFrameworksBuildPhase section */

/* Begin PBXGroup section */
		4938290B9FBFAE64BBA5446C /* Frameworks */ = {
			isa = PBXGroup;
			children = (
				4AA266A92098AC2300EA63A9 /* Alamofire.framework */,
				4AA266AB2098AC2300EA63A9 /* LeanCloud.framework */,
				485645C66AA559BBB129D75F /* Pods___app.framework */,
				4A66ACBA20C48044005E8B81 /* NotificationCenter.framework */,
			);
			name = Frameworks;
			sourceTree = "<group>";
		};
		4A55F90E20623E04008FDAC2 = {
			isa = PBXGroup;
			children = (
				4AA77C1920BD4CDD00BE3291 /* Modal */,
				4A606CE1206D07D900194724 /* ViewController */,
				4A55F91920623E04008FDAC2 /* 单词app */,
				4A55F92E20623E04008FDAC2 /* 单词appTests */,
				4A55F93920623E04008FDAC2 /* 单词appUITests */,
				4A55F91820623E04008FDAC2 /* Products */,
				E9F7772997EBF58CDA620628 /* Pods */,
				4938290B9FBFAE64BBA5446C /* Frameworks */,
			);
			sourceTree = "<group>";
		};
		4A55F91820623E04008FDAC2 /* Products */ = {
			isa = PBXGroup;
			children = (
				4A55F91720623E04008FDAC2 /* 单词app.app */,
				4A55F92B20623E04008FDAC2 /* 单词appTests.xctest */,
				4A55F93620623E04008FDAC2 /* 单词appUITests.xctest */,
				4A66ACB920C48044005E8B81 /* learningWidget.appex */,
			);
			name = Products;
			sourceTree = "<group>";
		};
		4A55F91920623E04008FDAC2 /* 单词app */ = {
			isa = PBXGroup;
			children = (
				4AA7753920C40ADA0087291C /* Media.xcassets */,
				4A55F91A20623E04008FDAC2 /* AppDelegate.swift */,
				4A55F91E20623E04008FDAC2 /* Main.storyboard */,
				4A55F92320623E04008FDAC2 /* LaunchScreen.storyboard */,
				4A55F92620623E04008FDAC2 /* Info.plist */,
				4AA77C1E20BD514100BE3291 /* Model.xcdatamodeld */,
			);
			path = "单词app";
			sourceTree = "<group>";
		};
		4A55F92E20623E04008FDAC2 /* 单词appTests */ = {
			isa = PBXGroup;
			children = (
				4A55F92F20623E04008FDAC2 /* __appTests.swift */,
				4A55F93120623E04008FDAC2 /* Info.plist */,
			);
			path = "单词appTests";
			sourceTree = "<group>";
		};
		4A55F93920623E04008FDAC2 /* 单词appUITests */ = {
			isa = PBXGroup;
			children = (
				4A55F93A20623E04008FDAC2 /* __appUITests.swift */,
				4A55F93C20623E04008FDAC2 /* Info.plist */,
			);
			path = "单词appUITests";
			sourceTree = "<group>";
		};
		4A606CE1206D07D900194724 /* ViewController */ = {
			isa = PBXGroup;
			children = (
				4A66ACCA20C53BEA005E8B81 /* PlanViewController.swift */,
				4AA7753720C315DB0087291C /* WordTVC.swift */,
				4AA77C2620BFF81500BE3291 /* MyTVC.swift */,
				4AA77C2120BEB89D00BE3291 /* WordListController.swift */,
				4A7152FD207216A800436CFC /* AddViewController.swift */,
				4AA7752F20C1C5240087291C /* ShowMyWords.swift */,
				4A026B4120B022F3003D3E77 /* tabBarViewController.swift */,
				4A7152FB2072119600436CFC /* LearnViewController.swift */,
				4A2A79762090CB4B0000F5E9 /* SignInViewController.swift */,
				4A2A79772090CB4B0000F5E9 /* SignUpViewController.swift */,
				4A7152F7207210CD00436CFC /* MainViewController.swift */,
			);
			path = ViewController;
			sourceTree = "<group>";
		};
		4AA77C1920BD4CDD00BE3291 /* Modal */ = {
			isa = PBXGroup;
			children = (
				4AA77C1720BD4CC500BE3291 /* Plan.swift */,
				4AA77C1C20BD50BD00BE3291 /* List.swift */,
			);
			path = Modal;
			sourceTree = "<group>";
		};
		E9F7772997EBF58CDA620628 /* Pods */ = {
			isa = PBXGroup;
			children = (
				AE863FB28355805FBB95FB07 /* Pods-单词app.debug.xcconfig */,
				BBB1A2F58A207F6B391D8903 /* Pods-单词app.release.xcconfig */,
			);
			name = Pods;
			sourceTree = "<group>";
		};
/* End PBXGroup section */

/* Begin PBXNativeTarget section */
		4A55F91620623E04008FDAC2 /* 单词app */ = {
			isa = PBXNativeTarget;
			buildConfigurationList = 4A55F93F20623E04008FDAC2 /* Build configuration list for PBXNativeTarget "单词app" */;
			buildPhases = (
				ABCC832FEC75ED8A8E4D86F0 /* [CP] Check Pods Manifest.lock */,
				4A55F91320623E04008FDAC2 /* Sources */,
				4A55F91420623E04008FDAC2 /* Frameworks */,
				4A55F91520623E04008FDAC2 /* Resources */,
				112C9A4DC0C0622D1257E3C4 /* [CP] Embed Pods Frameworks */,
			);
			buildRules = (
			);
			dependencies = (
			);
			name = "单词app";
			productName = "单词app";
			productReference = 4A55F91720623E04008FDAC2 /* 单词app.app */;
			productType = "com.apple.product-type.application";
		};
		4A55F92A20623E04008FDAC2 /* 单词appTests */ = {
			isa = PBXNativeTarget;
			buildConfigurationList = 4A55F94220623E04008FDAC2 /* Build configuration list for PBXNativeTarget "单词appTests" */;
			buildPhases = (
				4A55F92720623E04008FDAC2 /* Sources */,
				4A55F92820623E04008FDAC2 /* Frameworks */,
				4A55F92920623E04008FDAC2 /* Resources */,
			);
			buildRules = (
			);
			dependencies = (
				4A55F92D20623E04008FDAC2 /* PBXTargetDependency */,
			);
			name = "单词appTests";
			productName = "单词appTests";
			productReference = 4A55F92B20623E04008FDAC2 /* 单词appTests.xctest */;
			productType = "com.apple.product-type.bundle.unit-test";
		};
		4A55F93520623E04008FDAC2 /* 单词appUITests */ = {
			isa = PBXNativeTarget;
			buildConfigurationList = 4A55F94520623E04008FDAC2 /* Build configuration list for PBXNativeTarget "单词appUITests" */;
			buildPhases = (
				4A55F93220623E04008FDAC2 /* Sources */,
				4A55F93320623E04008FDAC2 /* Frameworks */,
				4A55F93420623E04008FDAC2 /* Resources */,
			);
			buildRules = (
			);
			dependencies = (
				4A55F93820623E04008FDAC2 /* PBXTargetDependency */,
			);
			name = "单词appUITests";
			productName = "单词appUITests";
			productReference = 4A55F93620623E04008FDAC2 /* 单词appUITests.xctest */;
			productType = "com.apple.product-type.bundle.ui-testing";
		};
		4A66ACB820C48044005E8B81 /* learningWidget */ = {
			isa = PBXNativeTarget;
			buildConfigurationList = 4A66ACC620C48045005E8B81 /* Build configuration list for PBXNativeTarget "learningWidget" */;
			buildPhases = (
				4A66ACB520C48044005E8B81 /* Sources */,
				4A66ACB620C48044005E8B81 /* Frameworks */,
				4A66ACB720C48044005E8B81 /* Resources */,
			);
			buildRules = (
			);
			dependencies = (
			);
			name = learningWidget;
			productName = learningWidget;
			productReference = 4A66ACB920C48044005E8B81 /* learningWidget.appex */;
			productType = "com.apple.product-type.app-extension";
		};
/* End PBXNativeTarget section */

/* Begin PBXProject section */
		4A55F90F20623E04008FDAC2 /* Project object */ = {
			isa = PBXProject;
			attributes = {
				LastSwiftUpdateCheck = 0940;
				LastUpgradeCheck = 0920;
				ORGANIZATIONNAME = "金乃德";
				TargetAttributes = {
					4A55F91620623E04008FDAC2 = {
						CreatedOnToolsVersion = 9.2;
						ProvisioningStyle = Automatic;
					};
					4A55F92A20623E04008FDAC2 = {
						CreatedOnToolsVersion = 9.2;
						ProvisioningStyle = Automatic;
						TestTargetID = 4A55F91620623E04008FDAC2;
					};
					4A55F93520623E04008FDAC2 = {
						CreatedOnToolsVersion = 9.2;
						ProvisioningStyle = Automatic;
						TestTargetID = 4A55F91620623E04008FDAC2;
					};
					4A66ACB820C48044005E8B81 = {
						CreatedOnToolsVersion = 9.4;
						ProvisioningStyle = Automatic;
					};
				};
			};
			buildConfigurationList = 4A55F91220623E04008FDAC2 /* Build configuration list for PBXProject "单词app" */;
			compatibilityVersion = "Xcode 8.0";
			developmentRegion = en;
			hasScannedForEncodings = 0;
			knownRegions = (
				en,
				Base,
			);
			mainGroup = 4A55F90E20623E04008FDAC2;
			productRefGroup = 4A55F91820623E04008FDAC2 /* Products */;
			projectDirPath = "";
			projectRoot = "";
			targets = (
				4A55F91620623E04008FDAC2 /* 单词app */,
				4A55F92A20623E04008FDAC2 /* 单词appTests */,
				4A55F93520623E04008FDAC2 /* 单词appUITests */,
				4A66ACB820C48044005E8B81 /* learningWidget */,
			);
		};
/* End PBXProject section */

/* Begin PBXResourcesBuildPhase section */
		4A55F91520623E04008FDAC2 /* Resources */ = {
			isa = PBXResourcesBuildPhase;
			buildActionMask = 2147483647;
			files = (
				4A55F92520623E04008FDAC2 /* LaunchScreen.storyboard in Resources */,
				4AA7753A20C40ADA0087291C /* Media.xcassets in Resources */,
				4A55F92020623E04008FDAC2 /* Main.storyboard in Resources */,
			);
			runOnlyForDeploymentPostprocessing = 0;
		};
		4A55F92920623E04008FDAC2 /* Resources */ = {
			isa = PBXResourcesBuildPhase;
			buildActionMask = 2147483647;
			files = (
			);
			runOnlyForDeploymentPostprocessing = 0;
		};
		4A55F93420623E04008FDAC2 /* Resources */ = {
			isa = PBXResourcesBuildPhase;
			buildActionMask = 2147483647;
			files = (
			);
			runOnlyForDeploymentPostprocessing = 0;
		};
		4A66ACB720C48044005E8B81 /* Resources */ = {
			isa = PBXResourcesBuildPhase;
			buildActionMask = 2147483647;
			files = (
			);
			runOnlyForDeploymentPostprocessing = 0;
		};
/* End PBXResourcesBuildPhase section */

/* Begin PBXShellScriptBuildPhase section */
		112C9A4DC0C0622D1257E3C4 /* [CP] Embed Pods Frameworks */ = {
			isa = PBXShellScriptBuildPhase;
			buildActionMask = 2147483647;
			files = (
			);
			inputPaths = (
				"${SRCROOT}/Pods/Target Support Files/Pods-单词app/Pods-单词app-frameworks.sh",
				"${BUILT_PRODUCTS_DIR}/Alamofire/Alamofire.framework",
				"${BUILT_PRODUCTS_DIR}/LeanCloud/LeanCloud.framework",
			);
			name = "[CP] Embed Pods Frameworks";
			outputPaths = (
				"${TARGET_BUILD_DIR}/${FRAMEWORKS_FOLDER_PATH}/Alamofire.framework",
				"${TARGET_BUILD_DIR}/${FRAMEWORKS_FOLDER_PATH}/LeanCloud.framework",
			);
			runOnlyForDeploymentPostprocessing = 0;
			shellPath = /bin/sh;
			shellScript = "\"${SRCROOT}/Pods/Target Support Files/Pods-单词app/Pods-单词app-frameworks.sh\"\n";
			showEnvVarsInLog = 0;
		};
		ABCC832FEC75ED8A8E4D86F0 /* [CP] Check Pods Manifest.lock */ = {
			isa = PBXShellScriptBuildPhase;
			buildActionMask = 2147483647;
			files = (
			);
			inputPaths = (
				"${PODS_PODFILE_DIR_PATH}/Podfile.lock",
				"${PODS_ROOT}/Manifest.lock",
			);
			name = "[CP] Check Pods Manifest.lock";
			outputPaths = (
				"$(DERIVED_FILE_DIR)/Pods-单词app-checkManifestLockResult.txt",
			);
			runOnlyForDeploymentPostprocessing = 0;
			shellPath = /bin/sh;
			shellScript = "diff \"${PODS_PODFILE_DIR_PATH}/Podfile.lock\" \"${PODS_ROOT}/Manifest.lock\" > /dev/null\nif [ $? != 0 ] ; then\n    # print error to STDERR\n    echo \"error: The sandbox is not in sync with the Podfile.lock. Run 'pod install' or update your CocoaPods installation.\" >&2\n    exit 1\nfi\n# This output is used by Xcode 'outputs' to avoid re-running this script phase.\necho \"SUCCESS\" > \"${SCRIPT_OUTPUT_FILE_0}\"\n";
			showEnvVarsInLog = 0;
		};
/* End PBXShellScriptBuildPhase section */

/* Begin PBXSourcesBuildPhase section */
		4A55F91320623E04008FDAC2 /* Sources */ = {
			isa = PBXSourcesBuildPhase;
			buildActionMask = 2147483647;
			files = (
				4AA7753020C1C5240087291C /* ShowMyWords.swift in Sources */,
				4A7152F8207210CD00436CFC /* MainViewController.swift in Sources */,
				4A7152FE207216A800436CFC /* AddViewController.swift in Sources */,
				4A026B4220B022F3003D3E77 /* tabBarViewController.swift in Sources */,
				4AA77C2720BFF81500BE3291 /* MyTVC.swift in Sources */,
				4A55F91B20623E04008FDAC2 /* AppDelegate.swift in Sources */,
				4AA77C1D20BD50BD00BE3291 /* List.swift in Sources */,
				4AA77C1820BD4CC500BE3291 /* Plan.swift in Sources */,
				4A2A79782090CB4B0000F5E9 /* SignInViewController.swift in Sources */,
				4A7152FC2072119600436CFC /* LearnViewController.swift in Sources */,
				4A2A79792090CB4B0000F5E9 /* SignUpViewController.swift in Sources */,
				4A66ACCB20C53BEA005E8B81 /* PlanViewController.swift in Sources */,
				4AA7753820C315DB0087291C /* WordTVC.swift in Sources */,
				4AA77C2020BD514100BE3291 /* Model.xcdatamodeld in Sources */,
				4AA77C2220BEB89D00BE3291 /* WordListController.swift in Sources */,
			);
			runOnlyForDeploymentPostprocessing = 0;
		};
		4A55F92720623E04008FDAC2 /* Sources */ = {
			isa = PBXSourcesBuildPhase;
			buildActionMask = 2147483647;
			files = (
				4A55F93020623E04008FDAC2 /* __appTests.swift in Sources */,
			);
			runOnlyForDeploymentPostprocessing = 0;
		};
		4A55F93220623E04008FDAC2 /* Sources */ = {
			isa = PBXSourcesBuildPhase;
			buildActionMask = 2147483647;
			files = (
				4A55F93B20623E04008FDAC2 /* __appUITests.swift in Sources */,
			);
			runOnlyForDeploymentPostprocessing = 0;
		};
		4A66ACB520C48044005E8B81 /* Sources */ = {
			isa = PBXSourcesBuildPhase;
			buildActionMask = 2147483647;
			files = (
			);
			runOnlyForDeploymentPostprocessing = 0;
		};
/* End PBXSourcesBuildPhase section */

/* Begin PBXTargetDependency section */
		4A55F92D20623E04008FDAC2 /* PBXTargetDependency */ = {
			isa = PBXTargetDependency;
			target = 4A55F91620623E04008FDAC2 /* 单词app */;
			targetProxy = 4A55F92C20623E04008FDAC2 /* PBXContainerItemProxy */;
		};
		4A55F93820623E04008FDAC2 /* PBXTargetDependency */ = {
			isa = PBXTargetDependency;
			target = 4A55F91620623E04008FDAC2 /* 单词app */;
			targetProxy = 4A55F93720623E04008FDAC2 /* PBXContainerItemProxy */;
		};
/* End PBXTargetDependency section */

/* Begin PBXVariantGroup section */
		4A55F91E20623E04008FDAC2 /* Main.storyboard */ = {
			isa = PBXVariantGroup;
			children = (
				4A55F91F20623E04008FDAC2 /* Base */,
			);
			name = Main.storyboard;
			sourceTree = "<group>";
		};
		4A55F92320623E04008FDAC2 /* LaunchScreen.storyboard */ = {
			isa = PBXVariantGroup;
			children = (
				4A55F92420623E04008FDAC2 /* Base */,
			);
			name = LaunchScreen.storyboard;
			sourceTree = "<group>";
		};
/* End PBXVariantGroup section */

/* Begin XCBuildConfiguration section */
		4A55F93D20623E04008FDAC2 /* Debug */ = {
			isa = XCBuildConfiguration;
			buildSettings = {
				ALWAYS_SEARCH_USER_PATHS = NO;
				CLANG_ANALYZER_NONNULL = YES;
				CLANG_ANALYZER_NUMBER_OBJECT_CONVERSION = YES_AGGRESSIVE;
				CLANG_CXX_LANGUAGE_STANDARD = "gnu++14";
				CLANG_CXX_LIBRARY = "libc++";
				CLANG_ENABLE_MODULES = YES;
				CLANG_ENABLE_OBJC_ARC = YES;
				CLANG_WARN_BLOCK_CAPTURE_AUTORELEASING = YES;
				CLANG_WARN_BOOL_CONVERSION = YES;
				CLANG_WARN_COMMA = YES;
				CLANG_WARN_CONSTANT_CONVERSION = YES;
				CLANG_WARN_DIRECT_OBJC_ISA_USAGE = YES_ERROR;
				CLANG_WARN_DOCUMENTATION_COMMENTS = YES;
				CLANG_WARN_EMPTY_BODY = YES;
				CLANG_WARN_ENUM_CONVERSION = YES;
				CLANG_WARN_INFINITE_RECURSION = YES;
				CLANG_WARN_INT_CONVERSION = YES;
				CLANG_WARN_NON_LITERAL_NULL_CONVERSION = YES;
				CLANG_WARN_OBJC_LITERAL_CONVERSION = YES;
				CLANG_WARN_OBJC_ROOT_CLASS = YES_ERROR;
				CLANG_WARN_RANGE_LOOP_ANALYSIS = YES;
				CLANG_WARN_STRICT_PROTOTYPES = YES;
				CLANG_WARN_SUSPICIOUS_MOVE = YES;
				CLANG_WARN_UNGUARDED_AVAILABILITY = YES_AGGRESSIVE;
				CLANG_WARN_UNREACHABLE_CODE = YES;
				CLANG_WARN__DUPLICATE_METHOD_MATCH = YES;
				CODE_SIGN_IDENTITY = "iPhone Developer";
				COPY_PHASE_STRIP = NO;
				DEBUG_INFORMATION_FORMAT = dwarf;
				ENABLE_STRICT_OBJC_MSGSEND = YES;
				ENABLE_TESTABILITY = YES;
				GCC_C_LANGUAGE_STANDARD = gnu11;
				GCC_DYNAMIC_NO_PIC = NO;
				GCC_NO_COMMON_BLOCKS = YES;
				GCC_OPTIMIZATION_LEVEL = 0;
				GCC_PREPROCESSOR_DEFINITIONS = (
					"DEBUG=1",
					"$(inherited)",
				);
				GCC_WARN_64_TO_32_BIT_CONVERSION = YES;
				GCC_WARN_ABOUT_RETURN_TYPE = YES_ERROR;
				GCC_WARN_UNDECLARED_SELECTOR = YES;
				GCC_WARN_UNINITIALIZED_AUTOS = YES_AGGRESSIVE;
				GCC_WARN_UNUSED_FUNCTION = YES;
				GCC_WARN_UNUSED_VARIABLE = YES;
				IPHONEOS_DEPLOYMENT_TARGET = 11.2;
				MTL_ENABLE_DEBUG_INFO = YES;
				ONLY_ACTIVE_ARCH = YES;
				SDKROOT = iphoneos;
				SWIFT_ACTIVE_COMPILATION_CONDITIONS = DEBUG;
				SWIFT_OPTIMIZATION_LEVEL = "-Onone";
			};
			name = Debug;
		};
		4A55F93E20623E04008FDAC2 /* Release */ = {
			isa = XCBuildConfiguration;
			buildSettings = {
				ALWAYS_SEARCH_USER_PATHS = NO;
				CLANG_ANALYZER_NONNULL = YES;
				CLANG_ANALYZER_NUMBER_OBJECT_CONVERSION = YES_AGGRESSIVE;
				CLANG_CXX_LANGUAGE_STANDARD = "gnu++14";
				CLANG_CXX_LIBRARY = "libc++";
				CLANG_ENABLE_MODULES = YES;
				CLANG_ENABLE_OBJC_ARC = YES;
				CLANG_WARN_BLOCK_CAPTURE_AUTORELEASING = YES;
				CLANG_WARN_BOOL_CONVERSION = YES;
				CLANG_WARN_COMMA = YES;
				CLANG_WARN_CONSTANT_CONVERSION = YES;
				CLANG_WARN_DIRECT_OBJC_ISA_USAGE = YES_ERROR;
				CLANG_WARN_DOCUMENTATION_COMMENTS = YES;
				CLANG_WARN_EMPTY_BODY = YES;
				CLANG_WARN_ENUM_CONVERSION = YES;
				CLANG_WARN_INFINITE_RECURSION = YES;
				CLANG_WARN_INT_CONVERSION = YES;
				CLANG_WARN_NON_LITERAL_NULL_CONVERSION = YES;
				CLANG_WARN_OBJC_LITERAL_CONVERSION = YES;
				CLANG_WARN_OBJC_ROOT_CLASS = YES_ERROR;
				CLANG_WARN_RANGE_LOOP_ANALYSIS = YES;
				CLANG_WARN_STRICT_PROTOTYPES = YES;
				CLANG_WARN_SUSPICIOUS_MOVE = YES;
				CLANG_WARN_UNGUARDED_AVAILABILITY = YES_AGGRESSIVE;
				CLANG_WARN_UNREACHABLE_CODE = YES;
				CLANG_WARN__DUPLICATE_METHOD_MATCH = YES;
				CODE_SIGN_IDENTITY = "iPhone Developer";
				COPY_PHASE_STRIP = NO;
				DEBUG_INFORMATION_FORMAT = "dwarf-with-dsym";
				ENABLE_NS_ASSERTIONS = NO;
				ENABLE_STRICT_OBJC_MSGSEND = YES;
				GCC_C_LANGUAGE_STANDARD = gnu11;
				GCC_NO_COMMON_BLOCKS = YES;
				GCC_WARN_64_TO_32_BIT_CONVERSION = YES;
				GCC_WARN_ABOUT_RETURN_TYPE = YES_ERROR;
				GCC_WARN_UNDECLARED_SELECTOR = YES;
				GCC_WARN_UNINITIALIZED_AUTOS = YES_AGGRESSIVE;
				GCC_WARN_UNUSED_FUNCTION = YES;
				GCC_WARN_UNUSED_VARIABLE = YES;
				IPHONEOS_DEPLOYMENT_TARGET = 11.2;
				MTL_ENABLE_DEBUG_INFO = NO;
				SDKROOT = iphoneos;
				SWIFT_OPTIMIZATION_LEVEL = "-Owholemodule";
				VALIDATE_PRODUCT = YES;
			};
			name = Release;
		};
		4A55F94020623E04008FDAC2 /* Debug */ = {
			isa = XCBuildConfiguration;
			baseConfigurationReference = AE863FB28355805FBB95FB07 /* Pods-单词app.debug.xcconfig */;
			buildSettings = {
				ASSETCATALOG_COMPILER_APPICON_NAME = AppIcon;
				CODE_SIGN_STYLE = Automatic;
				INFOPLIST_FILE = "单词app/Info.plist";
				LD_RUNPATH_SEARCH_PATHS = "$(inherited) @executable_path/Frameworks";
				PRODUCT_BUNDLE_IDENTIFIER = "com.exple.--app";
				PRODUCT_NAME = "$(TARGET_NAME)";
				SWIFT_VERSION = 4.0;
				TARGETED_DEVICE_FAMILY = "1,2";
			};
			name = Debug;
		};
		4A55F94120623E04008FDAC2 /* Release */ = {
			isa = XCBuildConfiguration;
			baseConfigurationReference = BBB1A2F58A207F6B391D8903 /* Pods-单词app.release.xcconfig */;
			buildSettings = {
				ASSETCATALOG_COMPILER_APPICON_NAME = AppIcon;
				CODE_SIGN_STYLE = Automatic;
				INFOPLIST_FILE = "单词app/Info.plist";
				LD_RUNPATH_SEARCH_PATHS = "$(inherited) @executable_path/Frameworks";
				PRODUCT_BUNDLE_IDENTIFIER = "com.exple.--app";
				PRODUCT_NAME = "$(TARGET_NAME)";
				SWIFT_VERSION = 4.0;
				TARGETED_DEVICE_FAMILY = "1,2";
			};
			name = Release;
		};
		4A55F94320623E04008FDAC2 /* Debug */ = {
			isa = XCBuildConfiguration;
			buildSettings = {
				ALWAYS_EMBED_SWIFT_STANDARD_LIBRARIES = YES;
				BUNDLE_LOADER = "$(TEST_HOST)";
				CODE_SIGN_STYLE = Automatic;
				INFOPLIST_FILE = "单词appTests/Info.plist";
				LD_RUNPATH_SEARCH_PATHS = "$(inherited) @executable_path/Frameworks @loader_path/Frameworks";
				PRODUCT_BUNDLE_IDENTIFIER = "com.exple.--appTests";
				PRODUCT_NAME = "$(TARGET_NAME)";
				SWIFT_VERSION = 4.0;
				TARGETED_DEVICE_FAMILY = "1,2";
				TEST_HOST = "$(BUILT_PRODUCTS_DIR)/单词app.app/单词app";
			};
			name = Debug;
		};
		4A55F94420623E04008FDAC2 /* Release */ = {
			isa = XCBuildConfiguration;
			buildSettings = {
				ALWAYS_EMBED_SWIFT_STANDARD_LIBRARIES = YES;
				BUNDLE_LOADER = "$(TEST_HOST)";
				CODE_SIGN_STYLE = Automatic;
				INFOPLIST_FILE = "单词appTests/Info.plist";
				LD_RUNPATH_SEARCH_PATHS = "$(inherited) @executable_path/Frameworks @loader_path/Frameworks";
				PRODUCT_BUNDLE_IDENTIFIER = "com.exple.--appTests";
				PRODUCT_NAME = "$(TARGET_NAME)";
				SWIFT_VERSION = 4.0;
				TARGETED_DEVICE_FAMILY = "1,2";
				TEST_HOST = "$(BUILT_PRODUCTS_DIR)/单词app.app/单词app";
			};
			name = Release;
		};
		4A55F94620623E04008FDAC2 /* Debug */ = {
			isa = XCBuildConfiguration;
			buildSettings = {
				ALWAYS_EMBED_SWIFT_STANDARD_LIBRARIES = YES;
				CODE_SIGN_STYLE = Automatic;
				INFOPLIST_FILE = "单词appUITests/Info.plist";
				LD_RUNPATH_SEARCH_PATHS = "$(inherited) @executable_path/Frameworks @loader_path/Frameworks";
				PRODUCT_BUNDLE_IDENTIFIER = "com.exple.--appUITests";
				PRODUCT_NAME = "$(TARGET_NAME)";
				SWIFT_VERSION = 4.0;
				TARGETED_DEVICE_FAMILY = "1,2";
				TEST_TARGET_NAME = "单词app";
			};
			name = Debug;
		};
		4A55F94720623E04008FDAC2 /* Release */ = {
			isa = XCBuildConfiguration;
			buildSettings = {
				ALWAYS_EMBED_SWIFT_STANDARD_LIBRARIES = YES;
				CODE_SIGN_STYLE = Automatic;
				INFOPLIST_FILE = "单词appUITests/Info.plist";
				LD_RUNPATH_SEARCH_PATHS = "$(inherited) @executable_path/Frameworks @loader_path/Frameworks";
				PRODUCT_BUNDLE_IDENTIFIER = "com.exple.--appUITests";
				PRODUCT_NAME = "$(TARGET_NAME)";
				SWIFT_VERSION = 4.0;
				TARGETED_DEVICE_FAMILY = "1,2";
				TEST_TARGET_NAME = "单词app";
			};
			name = Release;
		};
		4A66ACC720C48045005E8B81 /* Debug */ = {
			isa = XCBuildConfiguration;
			buildSettings = {
				CLANG_ENABLE_OBJC_WEAK = YES;
				CLANG_WARN_DEPRECATED_OBJC_IMPLEMENTATIONS = YES;
				CLANG_WARN_OBJC_IMPLICIT_RETAIN_SELF = YES;
				CODE_SIGN_STYLE = Automatic;
				INFOPLIST_FILE = learningWidget/Info.plist;
				IPHONEOS_DEPLOYMENT_TARGET = 11.4;
				LD_RUNPATH_SEARCH_PATHS = "$(inherited) @executable_path/Frameworks @executable_path/../../Frameworks";
				PRODUCT_BUNDLE_IDENTIFIER = "com.exple.--app.learningWidget";
				PRODUCT_NAME = "$(TARGET_NAME)";
				SKIP_INSTALL = YES;
				SWIFT_VERSION = 4.0;
				TARGETED_DEVICE_FAMILY = "1,2";
			};
			name = Debug;
		};
		4A66ACC820C48045005E8B81 /* Release */ = {
			isa = XCBuildConfiguration;
			buildSettings = {
				CLANG_ENABLE_OBJC_WEAK = YES;
				CLANG_WARN_DEPRECATED_OBJC_IMPLEMENTATIONS = YES;
				CLANG_WARN_OBJC_IMPLICIT_RETAIN_SELF = YES;
				CODE_SIGN_STYLE = Automatic;
				INFOPLIST_FILE = learningWidget/Info.plist;
				IPHONEOS_DEPLOYMENT_TARGET = 11.4;
				LD_RUNPATH_SEARCH_PATHS = "$(inherited) @executable_path/Frameworks @executable_path/../../Frameworks";
				PRODUCT_BUNDLE_IDENTIFIER = "com.exple.--app.learningWidget";
				PRODUCT_NAME = "$(TARGET_NAME)";
				SKIP_INSTALL = YES;
				SWIFT_VERSION = 4.0;
				TARGETED_DEVICE_FAMILY = "1,2";
			};
			name = Release;
		};
/* End XCBuildConfiguration section */

/* Begin XCConfigurationList section */
		4A55F91220623E04008FDAC2 /* Build configuration list for PBXProject "单词app" */ = {
			isa = XCConfigurationList;
			buildConfigurations = (
				4A55F93D20623E04008FDAC2 /* Debug */,
				4A55F93E20623E04008FDAC2 /* Release */,
			);
			defaultConfigurationIsVisible = 0;
			defaultConfigurationName = Release;
		};
		4A55F93F20623E04008FDAC2 /* Build configuration list for PBXNativeTarget "单词app" */ = {
			isa = XCConfigurationList;
			buildConfigurations = (
				4A55F94020623E04008FDAC2 /* Debug */,
				4A55F94120623E04008FDAC2 /* Release */,
			);
			defaultConfigurationIsVisible = 0;
			defaultConfigurationName = Release;
		};
		4A55F94220623E04008FDAC2 /* Build configuration list for PBXNativeTarget "单词appTests" */ = {
			isa = XCConfigurationList;
			buildConfigurations = (
				4A55F94320623E04008FDAC2 /* Debug */,
				4A55F94420623E04008FDAC2 /* Release */,
			);
			defaultConfigurationIsVisible = 0;
			defaultConfigurationName = Release;
		};
		4A55F94520623E04008FDAC2 /* Build configuration list for PBXNativeTarget "单词appUITests" */ = {
			isa = XCConfigurationList;
			buildConfigurations = (
				4A55F94620623E04008FDAC2 /* Debug */,
				4A55F94720623E04008FDAC2 /* Release */,
			);
			defaultConfigurationIsVisible = 0;
			defaultConfigurationName = Release;
		};
		4A66ACC620C48045005E8B81 /* Build configuration list for PBXNativeTarget "learningWidget" */ = {
			isa = XCConfigurationList;
			buildConfigurations = (
				4A66ACC720C48045005E8B81 /* Debug */,
				4A66ACC820C48045005E8B81 /* Release */,
			);
			defaultConfigurationIsVisible = 0;
			defaultConfigurationName = Release;
		};
/* End XCConfigurationList section */

/* Begin XCVersionGroup section */
		4AA77C1E20BD514100BE3291 /* Model.xcdatamodeld */ = {
			isa = XCVersionGroup;
			children = (
				4AA77C1F20BD514100BE3291 /* Model.xcdatamodel */,
			);
			currentVersion = 4AA77C1F20BD514100BE3291 /* Model.xcdatamodel */;
			path = Model.xcdatamodeld;
			sourceTree = "<group>";
			versionGroupType = wrapper.xcdatamodel;
		};
/* End XCVersionGroup section */
	};
	rootObject = 4A55F90F20623E04008FDAC2 /* Project object */;
}
